// !$*UTF8*$!
{
	archiveVersion = 1;
	classes = {
	};
	objectVersion = 51;
	objects = {

/* Begin PBXBuildFile section */
		3F99085924639BF000803E73 /* AppDelegate.swift in Sources */ = {isa = PBXBuildFile; fileRef = 3F99085824639BF000803E73 /* AppDelegate.swift */; };
		3F99085B24639BF000803E73 /* SceneDelegate.swift in Sources */ = {isa = PBXBuildFile; fileRef = 3F99085A24639BF000803E73 /* SceneDelegate.swift */; };
		3F99086024639BF000803E73 /* Main.storyboard in Resources */ = {isa = PBXBuildFile; fileRef = 3F99085E24639BF000803E73 /* Main.storyboard */; };
		3F99086224639BF300803E73 /* Assets.xcassets in Resources */ = {isa = PBXBuildFile; fileRef = 3F99086124639BF300803E73 /* Assets.xcassets */; };
		3F99086524639BF300803E73 /* LaunchScreen.storyboard in Resources */ = {isa = PBXBuildFile; fileRef = 3F99086324639BF300803E73 /* LaunchScreen.storyboard */; };
		3F99086F24639FB900803E73 /* HomeViewController.swift in Sources */ = {isa = PBXBuildFile; fileRef = 3F99086D24639FB900803E73 /* HomeViewController.swift */; };
		3F99087024639FB900803E73 /* HomeViewController.xib in Resources */ = {isa = PBXBuildFile; fileRef = 3F99086E24639FB900803E73 /* HomeViewController.xib */; };
		3F9908732463A00400803E73 /* HomeMainView.swift in Sources */ = {isa = PBXBuildFile; fileRef = 3F9908712463A00400803E73 /* HomeMainView.swift */; };
		3F9908742463A00400803E73 /* HomeMainView.xib in Resources */ = {isa = PBXBuildFile; fileRef = 3F9908722463A00400803E73 /* HomeMainView.xib */; };
		3F9908782463A30400803E73 /* HomeMainTableViewCell.swift in Sources */ = {isa = PBXBuildFile; fileRef = 3F9908762463A30400803E73 /* HomeMainTableViewCell.swift */; };
		3F9908792463A30400803E73 /* HomeMainTableViewCell.xib in Resources */ = {isa = PBXBuildFile; fileRef = 3F9908772463A30400803E73 /* HomeMainTableViewCell.xib */; };
		3F99087D2463A52800803E73 /* DetailViewController.swift in Sources */ = {isa = PBXBuildFile; fileRef = 3F99087B2463A52800803E73 /* DetailViewController.swift */; };
		3F99087E2463A52800803E73 /* DetailViewController.xib in Resources */ = {isa = PBXBuildFile; fileRef = 3F99087C2463A52800803E73 /* DetailViewController.xib */; };
		3F9908812463A54900803E73 /* DetailMainView.swift in Sources */ = {isa = PBXBuildFile; fileRef = 3F99087F2463A54900803E73 /* DetailMainView.swift */; };
		3F9908822463A54900803E73 /* DetailMainView.xib in Resources */ = {isa = PBXBuildFile; fileRef = 3F9908802463A54900803E73 /* DetailMainView.xib */; };
		3F9908872463A83500803E73 /* PostViewController.swift in Sources */ = {isa = PBXBuildFile; fileRef = 3F9908852463A83500803E73 /* PostViewController.swift */; };
		3F9908882463A83500803E73 /* PostViewController.xib in Resources */ = {isa = PBXBuildFile; fileRef = 3F9908862463A83500803E73 /* PostViewController.xib */; };
		3F99088B2463A85400803E73 /* PostMainView.swift in Sources */ = {isa = PBXBuildFile; fileRef = 3F9908892463A85400803E73 /* PostMainView.swift */; };
		3F99088C2463A85400803E73 /* PostMainView.xib in Resources */ = {isa = PBXBuildFile; fileRef = 3F99088A2463A85400803E73 /* PostMainView.xib */; };
		3F9908912463ACB200803E73 /* EditViewController.swift in Sources */ = {isa = PBXBuildFile; fileRef = 3F99088F2463ACB200803E73 /* EditViewController.swift */; };
		3F9908922463ACB200803E73 /* EditViewController.xib in Resources */ = {isa = PBXBuildFile; fileRef = 3F9908902463ACB200803E73 /* EditViewController.xib */; };
		3F9908952463ACCE00803E73 /* EditMainView.swift in Sources */ = {isa = PBXBuildFile; fileRef = 3F9908932463ACCE00803E73 /* EditMainView.swift */; };
		3F9908962463ACCE00803E73 /* EditMainView.xib in Resources */ = {isa = PBXBuildFile; fileRef = 3F9908942463ACCE00803E73 /* EditMainView.xib */; };
		8BA3EBFD4B169BDFD1B69541 /* Pods_insta_self.framework in Frameworks */ = {isa = PBXBuildFile; fileRef = 174980AFB736EE326EDB9611 /* Pods_insta_self.framework */; };
/* End PBXBuildFile section */

/* Begin PBXFileReference section */
		174980AFB736EE326EDB9611 /* Pods_insta_self.framework */ = {isa = PBXFileReference; explicitFileType = wrapper.framework; includeInIndex = 0; path = Pods_insta_self.framework; sourceTree = BUILT_PRODUCTS_DIR; };
		3F99085524639BF000803E73 /* insta self.app */ = {isa = PBXFileReference; explicitFileType = wrapper.application; includeInIndex = 0; path = "insta self.app"; sourceTree = BUILT_PRODUCTS_DIR; };
		3F99085824639BF000803E73 /* AppDelegate.swift */ = {isa = PBXFileReference; lastKnownFileType = sourcecode.swift; path = AppDelegate.swift; sourceTree = "<group>"; };
		3F99085A24639BF000803E73 /* SceneDelegate.swift */ = {isa = PBXFileReference; lastKnownFileType = sourcecode.swift; path = SceneDelegate.swift; sourceTree = "<group>"; };
		3F99085F24639BF000803E73 /* Base */ = {isa = PBXFileReference; lastKnownFileType = file.storyboard; name = Base; path = Base.lproj/Main.storyboard; sourceTree = "<group>"; };
		3F99086124639BF300803E73 /* Assets.xcassets */ = {isa = PBXFileReference; lastKnownFileType = folder.assetcatalog; path = Assets.xcassets; sourceTree = "<group>"; };
		3F99086424639BF300803E73 /* Base */ = {isa = PBXFileReference; lastKnownFileType = file.storyboard; name = Base; path = Base.lproj/LaunchScreen.storyboard; sourceTree = "<group>"; };
		3F99086624639BF400803E73 /* Info.plist */ = {isa = PBXFileReference; lastKnownFileType = text.plist.xml; path = Info.plist; sourceTree = "<group>"; };
		3F99086D24639FB900803E73 /* HomeViewController.swift */ = {isa = PBXFileReference; lastKnownFileType = sourcecode.swift; path = HomeViewController.swift; sourceTree = "<group>"; };
		3F99086E24639FB900803E73 /* HomeViewController.xib */ = {isa = PBXFileReference; lastKnownFileType = file.xib; path = HomeViewController.xib; sourceTree = "<group>"; };
		3F9908712463A00400803E73 /* HomeMainView.swift */ = {isa = PBXFileReference; lastKnownFileType = sourcecode.swift; path = HomeMainView.swift; sourceTree = "<group>"; };
		3F9908722463A00400803E73 /* HomeMainView.xib */ = {isa = PBXFileReference; lastKnownFileType = file.xib; path = HomeMainView.xib; sourceTree = "<group>"; };
		3F9908762463A30400803E73 /* HomeMainTableViewCell.swift */ = {isa = PBXFileReference; lastKnownFileType = sourcecode.swift; path = HomeMainTableViewCell.swift; sourceTree = "<group>"; };
		3F9908772463A30400803E73 /* HomeMainTableViewCell.xib */ = {isa = PBXFileReference; lastKnownFileType = file.xib; path = HomeMainTableViewCell.xib; sourceTree = "<group>"; };
		3F99087B2463A52800803E73 /* DetailViewController.swift */ = {isa = PBXFileReference; lastKnownFileType = sourcecode.swift; path = DetailViewController.swift; sourceTree = "<group>"; };
		3F99087C2463A52800803E73 /* DetailViewController.xib */ = {isa = PBXFileReference; lastKnownFileType = file.xib; path = DetailViewController.xib; sourceTree = "<group>"; };
		3F99087F2463A54900803E73 /* DetailMainView.swift */ = {isa = PBXFileReference; lastKnownFileType = sourcecode.swift; path = DetailMainView.swift; sourceTree = "<group>"; };
		3F9908802463A54900803E73 /* DetailMainView.xib */ = {isa = PBXFileReference; lastKnownFileType = file.xib; path = DetailMainView.xib; sourceTree = "<group>"; };
		3F9908852463A83500803E73 /* PostViewController.swift */ = {isa = PBXFileReference; lastKnownFileType = sourcecode.swift; path = PostViewController.swift; sourceTree = "<group>"; };
		3F9908862463A83500803E73 /* PostViewController.xib */ = {isa = PBXFileReference; lastKnownFileType = file.xib; path = PostViewController.xib; sourceTree = "<group>"; };
		3F9908892463A85400803E73 /* PostMainView.swift */ = {isa = PBXFileReference; lastKnownFileType = sourcecode.swift; path = PostMainView.swift; sourceTree = "<group>"; };
		3F99088A2463A85400803E73 /* PostMainView.xib */ = {isa = PBXFileReference; lastKnownFileType = file.xib; path = PostMainView.xib; sourceTree = "<group>"; };
		3F99088F2463ACB200803E73 /* EditViewController.swift */ = {isa = PBXFileReference; lastKnownFileType = sourcecode.swift; path = EditViewController.swift; sourceTree = "<group>"; };
		3F9908902463ACB200803E73 /* EditViewController.xib */ = {isa = PBXFileReference; lastKnownFileType = file.xib; path = EditViewController.xib; sourceTree = "<group>"; };
		3F9908932463ACCE00803E73 /* EditMainView.swift */ = {isa = PBXFileReference; lastKnownFileType = sourcecode.swift; path = EditMainView.swift; sourceTree = "<group>"; };
		3F9908942463ACCE00803E73 /* EditMainView.xib */ = {isa = PBXFileReference; lastKnownFileType = file.xib; path = EditMainView.xib; sourceTree = "<group>"; };
		B17979201F64937458B48081 /* Pods-insta self.release.xcconfig */ = {isa = PBXFileReference; includeInIndex = 1; lastKnownFileType = text.xcconfig; name = "Pods-insta self.release.xcconfig"; path = "Target Support Files/Pods-insta self/Pods-insta self.release.xcconfig"; sourceTree = "<group>"; };
		C9C0364F9CBFB39426D760DA /* Pods-insta self.debug.xcconfig */ = {isa = PBXFileReference; includeInIndex = 1; lastKnownFileType = text.xcconfig; name = "Pods-insta self.debug.xcconfig"; path = "Target Support Files/Pods-insta self/Pods-insta self.debug.xcconfig"; sourceTree = "<group>"; };
/* End PBXFileReference section */

/* Begin PBXFrameworksBuildPhase section */
		3F99085224639BF000803E73 /* Frameworks */ = {
			isa = PBXFrameworksBuildPhase;
			buildActionMask = 2147483647;
			files = (
				8BA3EBFD4B169BDFD1B69541 /* Pods_insta_self.framework in Frameworks */,
			);
			runOnlyForDeploymentPostprocessing = 0;
		};
/* End PBXFrameworksBuildPhase section */

/* Begin PBXGroup section */
		3F99084C24639BEF00803E73 = {
			isa = PBXGroup;
			children = (
				3F99085724639BF000803E73 /* insta self */,
				3F99085624639BF000803E73 /* Products */,
				B7FAA7CBC796F6564F448D26 /* Pods */,
				473303ACB565E807585378F4 /* Frameworks */,
			);
			sourceTree = "<group>";
		};
		3F99085624639BF000803E73 /* Products */ = {
			isa = PBXGroup;
			children = (
				3F99085524639BF000803E73 /* insta self.app */,
			);
			name = Products;
			sourceTree = "<group>";
		};
		3F99085724639BF000803E73 /* insta self */ = {
			isa = PBXGroup;
			children = (
				3F99088E2463ACA000803E73 /* Edit */,
				3F9908842463A82400803E73 /* Post */,
				3F99087A2463A51800803E73 /* Detail */,
				3F99086C24639FAD00803E73 /* Home */,
				3F99085824639BF000803E73 /* AppDelegate.swift */,
				3F99085A24639BF000803E73 /* SceneDelegate.swift */,
				3F99085E24639BF000803E73 /* Main.storyboard */,
				3F99086124639BF300803E73 /* Assets.xcassets */,
				3F99086324639BF300803E73 /* LaunchScreen.storyboard */,
				3F99086624639BF400803E73 /* Info.plist */,
			);
			path = "insta self";
			sourceTree = "<group>";
		};
		3F99086C24639FAD00803E73 /* Home */ = {
			isa = PBXGroup;
			children = (
				3F99086D24639FB900803E73 /* HomeViewController.swift */,
				3F99086E24639FB900803E73 /* HomeViewController.xib */,
				3F9908712463A00400803E73 /* HomeMainView.swift */,
				3F9908722463A00400803E73 /* HomeMainView.xib */,
				3F9908752463A2EA00803E73 /* Cell */,
			);
			path = Home;
			sourceTree = "<group>";
		};
		3F9908752463A2EA00803E73 /* Cell */ = {
			isa = PBXGroup;
			children = (
				3F9908762463A30400803E73 /* HomeMainTableViewCell.swift */,
				3F9908772463A30400803E73 /* HomeMainTableViewCell.xib */,
			);
			path = Cell;
			sourceTree = "<group>";
		};
		3F99087A2463A51800803E73 /* Detail */ = {
			isa = PBXGroup;
			children = (
				3F99087B2463A52800803E73 /* DetailViewController.swift */,
				3F99087C2463A52800803E73 /* DetailViewController.xib */,
				3F99087F2463A54900803E73 /* DetailMainView.swift */,
				3F9908802463A54900803E73 /* DetailMainView.xib */,
			);
			path = Detail;
			sourceTree = "<group>";
		};
		3F9908842463A82400803E73 /* Post */ = {
			isa = PBXGroup;
			children = (
				3F9908852463A83500803E73 /* PostViewController.swift */,
				3F9908862463A83500803E73 /* PostViewController.xib */,
				3F9908892463A85400803E73 /* PostMainView.swift */,
				3F99088A2463A85400803E73 /* PostMainView.xib */,
			);
			path = Post;
			sourceTree = "<group>";
		};
		3F99088E2463ACA000803E73 /* Edit */ = {
			isa = PBXGroup;
			children = (
				3F99088F2463ACB200803E73 /* EditViewController.swift */,
				3F9908902463ACB200803E73 /* EditViewController.xib */,
				3F9908932463ACCE00803E73 /* EditMainView.swift */,
				3F9908942463ACCE00803E73 /* EditMainView.xib */,
			);
			path = Edit;
			sourceTree = "<group>";
		};
		473303ACB565E807585378F4 /* Frameworks */ = {
			isa = PBXGroup;
			children = (
				174980AFB736EE326EDB9611 /* Pods_insta_self.framework */,
			);
			name = Frameworks;
			sourceTree = "<group>";
		};
		B7FAA7CBC796F6564F448D26 /* Pods */ = {
			isa = PBXGroup;
			children = (
				C9C0364F9CBFB39426D760DA /* Pods-insta self.debug.xcconfig */,
				B17979201F64937458B48081 /* Pods-insta self.release.xcconfig */,
			);
			path = Pods;
			sourceTree = "<group>";
		};
/* End PBXGroup section */

/* Begin PBXNativeTarget section */
		3F99085424639BF000803E73 /* insta self */ = {
			isa = PBXNativeTarget;
			buildConfigurationList = 3F99086924639BF400803E73 /* Build configuration list for PBXNativeTarget "insta self" */;
			buildPhases = (
				C8D3F128098C7B40ED4C853B /* [CP] Check Pods Manifest.lock */,
				3F99085124639BF000803E73 /* Sources */,
				3F99085224639BF000803E73 /* Frameworks */,
				3F99085324639BF000803E73 /* Resources */,
				A2FD134A6C8F4A95C324EBF8 /* [CP] Embed Pods Frameworks */,
			);
			buildRules = (
			);
			dependencies = (
			);
			name = "insta self";
			productName = "insta self";
			productReference = 3F99085524639BF000803E73 /* insta self.app */;
			productType = "com.apple.product-type.application";
		};
/* End PBXNativeTarget section */

/* Begin PBXProject section */
		3F99084D24639BEF00803E73 /* Project object */ = {
			isa = PBXProject;
			attributes = {
				LastSwiftUpdateCheck = 1140;
				LastUpgradeCheck = 1140;
				ORGANIZATIONNAME = "ASW-研修３";
				TargetAttributes = {
					3F99085424639BF000803E73 = {
						CreatedOnToolsVersion = 11.4;
					};
				};
			};
			buildConfigurationList = 3F99085024639BEF00803E73 /* Build configuration list for PBXProject "insta self" */;
			compatibilityVersion = "Xcode 9.3";
			developmentRegion = en;
			hasScannedForEncodings = 0;
			knownRegions = (
				en,
				Base,
			);
			mainGroup = 3F99084C24639BEF00803E73;
			productRefGroup = 3F99085624639BF000803E73 /* Products */;
			projectDirPath = "";
			projectRoot = "";
			targets = (
				3F99085424639BF000803E73 /* insta self */,
			);
		};
/* End PBXProject section */

/* Begin PBXResourcesBuildPhase section */
		3F99085324639BF000803E73 /* Resources */ = {
			isa = PBXResourcesBuildPhase;
			buildActionMask = 2147483647;
			files = (
				3F99086524639BF300803E73 /* LaunchScreen.storyboard in Resources */,
				3F99088C2463A85400803E73 /* PostMainView.xib in Resources */,
				3F9908792463A30400803E73 /* HomeMainTableViewCell.xib in Resources */,
				3F9908882463A83500803E73 /* PostViewController.xib in Resources */,
				3F99087E2463A52800803E73 /* DetailViewController.xib in Resources */,
				3F9908742463A00400803E73 /* HomeMainView.xib in Resources */,
				3F99086224639BF300803E73 /* Assets.xcassets in Resources */,
				3F99086024639BF000803E73 /* Main.storyboard in Resources */,
				3F9908822463A54900803E73 /* DetailMainView.xib in Resources */,
				3F99087024639FB900803E73 /* HomeViewController.xib in Resources */,
				3F9908922463ACB200803E73 /* EditViewController.xib in Resources */,
				3F9908962463ACCE00803E73 /* EditMainView.xib in Resources */,
			);
			runOnlyForDeploymentPostprocessing = 0;
		};
/* End PBXResourcesBuildPhase section */

/* Begin PBXShellScriptBuildPhase section */
		A2FD134A6C8F4A95C324EBF8 /* [CP] Embed Pods Frameworks */ = {
			isa = PBXShellScriptBuildPhase;
			buildActionMask = 2147483647;
			files = (
			);
			inputFileListPaths = (
				"${PODS_ROOT}/Target Support Files/Pods-insta self/Pods-insta self-frameworks-${CONFIGURATION}-input-files.xcfilelist",
			);
			name = "[CP] Embed Pods Frameworks";
			outputFileListPaths = (
				"${PODS_ROOT}/Target Support Files/Pods-insta self/Pods-insta self-frameworks-${CONFIGURATION}-output-files.xcfilelist",
			);
			runOnlyForDeploymentPostprocessing = 0;
			shellPath = /bin/sh;
			shellScript = "\"${PODS_ROOT}/Target Support Files/Pods-insta self/Pods-insta self-frameworks.sh\"\n";
			showEnvVarsInLog = 0;
		};
		C8D3F128098C7B40ED4C853B /* [CP] Check Pods Manifest.lock */ = {
			isa = PBXShellScriptBuildPhase;
			buildActionMask = 2147483647;
			files = (
			);
			inputFileListPaths = (
			);
			inputPaths = (
				"${PODS_PODFILE_DIR_PATH}/Podfile.lock",
				"${PODS_ROOT}/Manifest.lock",
			);
			name = "[CP] Check Pods Manifest.lock";
			outputFileListPaths = (
			);
			outputPaths = (
				"$(DERIVED_FILE_DIR)/Pods-insta self-checkManifestLockResult.txt",
			);
			runOnlyForDeploymentPostprocessing = 0;
			shellPath = /bin/sh;
			shellScript = "diff \"${PODS_PODFILE_DIR_PATH}/Podfile.lock\" \"${PODS_ROOT}/Manifest.lock\" > /dev/null\nif [ $? != 0 ] ; then\n    # print error to STDERR\n    echo \"error: The sandbox is not in sync with the Podfile.lock. Run 'pod install' or update your CocoaPods installation.\" >&2\n    exit 1\nfi\n# This output is used by Xcode 'outputs' to avoid re-running this script phase.\necho \"SUCCESS\" > \"${SCRIPT_OUTPUT_FILE_0}\"\n";
			showEnvVarsInLog = 0;
		};
/* End PBXShellScriptBuildPhase section */

/* Begin PBXSourcesBuildPhase section */
		3F99085124639BF000803E73 /* Sources */ = {
			isa = PBXSourcesBuildPhase;
			buildActionMask = 2147483647;
			files = (
				3F9908912463ACB200803E73 /* EditViewController.swift in Sources */,
				3F9908872463A83500803E73 /* PostViewController.swift in Sources */,
				3F9908812463A54900803E73 /* DetailMainView.swift in Sources */,
				3F99085924639BF000803E73 /* AppDelegate.swift in Sources */,
				3F99088B2463A85400803E73 /* PostMainView.swift in Sources */,
				3F99085B24639BF000803E73 /* SceneDelegate.swift in Sources */,
				3F9908732463A00400803E73 /* HomeMainView.swift in Sources */,
				3F99087D2463A52800803E73 /* DetailViewController.swift in Sources */,
				3F9908782463A30400803E73 /* HomeMainTableViewCell.swift in Sources */,
				3F9908952463ACCE00803E73 /* EditMainView.swift in Sources */,
				3F99086F24639FB900803E73 /* HomeViewController.swift in Sources */,
			);
			runOnlyForDeploymentPostprocessing = 0;
		};
/* End PBXSourcesBuildPhase section */

/* Begin PBXVariantGroup section */
		3F99085E24639BF000803E73 /* Main.storyboard */ = {
			isa = PBXVariantGroup;
			children = (
				3F99085F24639BF000803E73 /* Base */,
			);
			name = Main.storyboard;
			sourceTree = "<group>";
		};
		3F99086324639BF300803E73 /* LaunchScreen.storyboard */ = {
			isa = PBXVariantGroup;
			children = (
				3F99086424639BF300803E73 /* Base */,
			);
			name = LaunchScreen.storyboard;
			sourceTree = "<group>";
		};
/* End PBXVariantGroup section */

/* Begin XCBuildConfiguration section */
		3F99086724639BF400803E73 /* Debug */ = {
			isa = XCBuildConfiguration;
			buildSettings = {
				ALWAYS_SEARCH_USER_PATHS = NO;
				CLANG_ANALYZER_NONNULL = YES;
				CLANG_ANALYZER_NUMBER_OBJECT_CONVERSION = YES_AGGRESSIVE;
				CLANG_CXX_LANGUAGE_STANDARD = "gnu++14";
				CLANG_CXX_LIBRARY = "libc++";
				CLANG_ENABLE_MODULES = YES;
				CLANG_ENABLE_OBJC_ARC = YES;
				CLANG_ENABLE_OBJC_WEAK = YES;
				CLANG_WARN_BLOCK_CAPTURE_AUTORELEASING = YES;
				CLANG_WARN_BOOL_CONVERSION = YES;
				CLANG_WARN_COMMA = YES;
				CLANG_WARN_CONSTANT_CONVERSION = YES;
				CLANG_WARN_DEPRECATED_OBJC_IMPLEMENTATIONS = YES;
				CLANG_WARN_DIRECT_OBJC_ISA_USAGE = YES_ERROR;
				CLANG_WARN_DOCUMENTATION_COMMENTS = YES;
				CLANG_WARN_EMPTY_BODY = YES;
				CLANG_WARN_ENUM_CONVERSION = YES;
				CLANG_WARN_INFINITE_RECURSION = YES;
				CLANG_WARN_INT_CONVERSION = YES;
				CLANG_WARN_NON_LITERAL_NULL_CONVERSION = YES;
				CLANG_WARN_OBJC_IMPLICIT_RETAIN_SELF = YES;
				CLANG_WARN_OBJC_LITERAL_CONVERSION = YES;
				CLANG_WARN_OBJC_ROOT_CLASS = YES_ERROR;
				CLANG_WARN_RANGE_LOOP_ANALYSIS = YES;
				CLANG_WARN_STRICT_PROTOTYPES = YES;
				CLANG_WARN_SUSPICIOUS_MOVE = YES;
				CLANG_WARN_UNGUARDED_AVAILABILITY = YES_AGGRESSIVE;
				CLANG_WARN_UNREACHABLE_CODE = YES;
				CLANG_WARN__DUPLICATE_METHOD_MATCH = YES;
				COPY_PHASE_STRIP = NO;
				DEBUG_INFORMATION_FORMAT = dwarf;
				ENABLE_STRICT_OBJC_MSGSEND = YES;
				ENABLE_TESTABILITY = YES;
				GCC_C_LANGUAGE_STANDARD = gnu11;
				GCC_DYNAMIC_NO_PIC = NO;
				GCC_NO_COMMON_BLOCKS = YES;
				GCC_OPTIMIZATION_LEVEL = 0;
				GCC_PREPROCESSOR_DEFINITIONS = (
					"DEBUG=1",
					"$(inherited)",
				);
				GCC_WARN_64_TO_32_BIT_CONVERSION = YES;
				GCC_WARN_ABOUT_RETURN_TYPE = YES_ERROR;
				GCC_WARN_UNDECLARED_SELECTOR = YES;
				GCC_WARN_UNINITIALIZED_AUTOS = YES_AGGRESSIVE;
				GCC_WARN_UNUSED_FUNCTION = YES;
				GCC_WARN_UNUSED_VARIABLE = YES;
				IPHONEOS_DEPLOYMENT_TARGET = 13.4;
				MTL_ENABLE_DEBUG_INFO = INCLUDE_SOURCE;
				MTL_FAST_MATH = YES;
				ONLY_ACTIVE_ARCH = YES;
				SDKROOT = iphoneos;
				SWIFT_ACTIVE_COMPILATION_CONDITIONS = DEBUG;
				SWIFT_OPTIMIZATION_LEVEL = "-Onone";
			};
			name = Debug;
		};
		3F99086824639BF400803E73 /* Release */ = {
			isa = XCBuildConfiguration;
			buildSettings = {
				ALWAYS_SEARCH_USER_PATHS = NO;
				CLANG_ANALYZER_NONNULL = YES;
				CLANG_ANALYZER_NUMBER_OBJECT_CONVERSION = YES_AGGRESSIVE;
				CLANG_CXX_LANGUAGE_STANDARD = "gnu++14";
				CLANG_CXX_LIBRARY = "libc++";
				CLANG_ENABLE_MODULES = YES;
				CLANG_ENABLE_OBJC_ARC = YES;
				CLANG_ENABLE_OBJC_WEAK = YES;
				CLANG_WARN_BLOCK_CAPTURE_AUTORELEASING = YES;
				CLANG_WARN_BOOL_CONVERSION = YES;
				CLANG_WARN_COMMA = YES;
				CLANG_WARN_CONSTANT_CONVERSION = YES;
				CLANG_WARN_DEPRECATED_OBJC_IMPLEMENTATIONS = YES;
				CLANG_WARN_DIRECT_OBJC_ISA_USAGE = YES_ERROR;
				CLANG_WARN_DOCUMENTATION_COMMENTS = YES;
				CLANG_WARN_EMPTY_BODY = YES;
				CLANG_WARN_ENUM_CONVERSION = YES;
				CLANG_WARN_INFINITE_RECURSION = YES;
				CLANG_WARN_INT_CONVERSION = YES;
				CLANG_WARN_NON_LITERAL_NULL_CONVERSION = YES;
				CLANG_WARN_OBJC_IMPLICIT_RETAIN_SELF = YES;
				CLANG_WARN_OBJC_LITERAL_CONVERSION = YES;
				CLANG_WARN_OBJC_ROOT_CLASS = YES_ERROR;
				CLANG_WARN_RANGE_LOOP_ANALYSIS = YES;
				CLANG_WARN_STRICT_PROTOTYPES = YES;
				CLANG_WARN_SUSPICIOUS_MOVE = YES;
				CLANG_WARN_UNGUARDED_AVAILABILITY = YES_AGGRESSIVE;
				CLANG_WARN_UNREACHABLE_CODE = YES;
				CLANG_WARN__DUPLICATE_METHOD_MATCH = YES;
				COPY_PHASE_STRIP = NO;
				DEBUG_INFORMATION_FORMAT = "dwarf-with-dsym";
				ENABLE_NS_ASSERTIONS = NO;
				ENABLE_STRICT_OBJC_MSGSEND = YES;
				GCC_C_LANGUAGE_STANDARD = gnu11;
				GCC_NO_COMMON_BLOCKS = YES;
				GCC_WARN_64_TO_32_BIT_CONVERSION = YES;
				GCC_WARN_ABOUT_RETURN_TYPE = YES_ERROR;
				GCC_WARN_UNDECLARED_SELECTOR = YES;
				GCC_WARN_UNINITIALIZED_AUTOS = YES_AGGRESSIVE;
				GCC_WARN_UNUSED_FUNCTION = YES;
				GCC_WARN_UNUSED_VARIABLE = YES;
				IPHONEOS_DEPLOYMENT_TARGET = 13.4;
				MTL_ENABLE_DEBUG_INFO = NO;
				MTL_FAST_MATH = YES;
				SDKROOT = iphoneos;
				SWIFT_COMPILATION_MODE = wholemodule;
				SWIFT_OPTIMIZATION_LEVEL = "-O";
				VALIDATE_PRODUCT = YES;
			};
			name = Release;
		};
		3F99086A24639BF400803E73 /* Debug */ = {
			isa = XCBuildConfiguration;
			baseConfigurationReference = C9C0364F9CBFB39426D760DA /* Pods-insta self.debug.xcconfig */;
			buildSettings = {
				ASSETCATALOG_COMPILER_APPICON_NAME = AppIcon;
				CODE_SIGN_STYLE = Automatic;
				DEVELOPMENT_TEAM = 2G8PC2F294;
				INFOPLIST_FILE = "insta self/Info.plist";
				LD_RUNPATH_SEARCH_PATHS = (
					"$(inherited)",
					"@executable_path/Frameworks",
				);
				PRODUCT_BUNDLE_IDENTIFIER = "ASW-inc.insta-self";
				PRODUCT_NAME = "$(TARGET_NAME)";
				SWIFT_VERSION = 5.0;
				TARGETED_DEVICE_FAMILY = "1,2";
			};
			name = Debug;
		};
		3F99086B24639BF400803E73 /* Release */ = {
			isa = XCBuildConfiguration;
			baseConfigurationReference = B17979201F64937458B48081 /* Pods-insta self.release.xcconfig */;
			buildSettings = {
				ASSETCATALOG_COMPILER_APPICON_NAME = AppIcon;
				CODE_SIGN_STYLE = Automatic;
				DEVELOPMENT_TEAM = 2G8PC2F294;
				INFOPLIST_FILE = "insta self/Info.plist";
				LD_RUNPATH_SEARCH_PATHS = (
					"$(inherited)",
					"@executable_path/Frameworks",
				);
				PRODUCT_BUNDLE_IDENTIFIER = "ASW-inc.insta-self";
				PRODUCT_NAME = "$(TARGET_NAME)";
				SWIFT_VERSION = 5.0;
				TARGETED_DEVICE_FAMILY = "1,2";
			};
			name = Release;
		};
/* End XCBuildConfiguration section */

/* Begin XCConfigurationList section */
		3F99085024639BEF00803E73 /* Build configuration list for PBXProject "insta self" */ = {
			isa = XCConfigurationList;
			buildConfigurations = (
				3F99086724639BF400803E73 /* Debug */,
				3F99086824639BF400803E73 /* Release */,
			);
			defaultConfigurationIsVisible = 0;
			defaultConfigurationName = Release;
		};
		3F99086924639BF400803E73 /* Build configuration list for PBXNativeTarget "insta self" */ = {
			isa = XCConfigurationList;
			buildConfigurations = (
				3F99086A24639BF400803E73 /* Debug */,
				3F99086B24639BF400803E73 /* Release */,
			);
			defaultConfigurationIsVisible = 0;
			defaultConfigurationName = Release;
		};
/* End XCConfigurationList section */
	};
	rootObject = 3F99084D24639BEF00803E73 /* Project object */;
}
